<?xml version="1.0" encoding="utf-8"?>
<Project ToolsVersion="4.0" xmlns="http://schemas.microsoft.com/developer/msbuild/2003">
  <ItemGroup>
    <ClCompile Include="0725.cpp">
      <Filter>2207</Filter>
    </ClCompile>
    <ClCompile Include="0726.cpp">
      <Filter>2207</Filter>
    </ClCompile>
    <ClCompile Include="0801.cpp">
      <Filter>2208\08</Filter>
    </ClCompile>
    <ClCompile Include="0803.cpp">
      <Filter>2208\08</Filter>
    </ClCompile>
    <ClCompile Include="0804.cpp">
      <Filter>2208\08</Filter>
    </ClCompile>
    <ClCompile Include="0805.cpp">
      <Filter>2208\08</Filter>
    </ClCompile>
    <ClCompile Include="0808.cpp">
      <Filter>2208\08</Filter>
    </ClCompile>
    <ClCompile Include="0808_2.cpp">
      <Filter>2208\08</Filter>
    </ClCompile>
    <ClCompile Include="0810.cpp">
      <Filter>2208\08</Filter>
    </ClCompile>
    <ClCompile Include="0810_2.cpp">
      <Filter>2208\08</Filter>
    </ClCompile>
    <ClCompile Include="0811.cpp">
      <Filter>2208\08</Filter>
    </ClCompile>
    <ClCompile Include="0813.cpp">
      <Filter>2208\08</Filter>
    </ClCompile>
    <ClCompile Include="0816.cpp">
      <Filter>2208\08</Filter>
    </ClCompile>
    <ClCompile Include="0817.cpp">
      <Filter>2208\08</Filter>
    </ClCompile>
    <ClCompile Include="0817_2.cpp">
      <Filter>2208\08</Filter>
    </ClCompile>
    <ClCompile Include="0818.cpp">
      <Filter>2208\08</Filter>
    </ClCompile>
    <ClCompile Include="0819.cpp">
      <Filter>2208\08</Filter>
    </ClCompile>
    <ClCompile Include="1085.cpp">
      <Filter>2208\1x</Filter>
    </ClCompile>
    <ClCompile Include="1107.cpp">
      <Filter>2208\1x</Filter>
    </ClCompile>
    <ClCompile Include="1149.cpp">
      <Filter>2208\1x</Filter>
    </ClCompile>
    <ClCompile Include="1259.cpp">
      <Filter>2208\1x</Filter>
    </ClCompile>
    <ClCompile Include="1309.cpp">
      <Filter>2208\1x</Filter>
    </ClCompile>
    <ClCompile Include="1476.cpp">
      <Filter>2208\1x</Filter>
    </ClCompile>
    <ClCompile Include="1654.cpp">
      <Filter>2208\1x</Filter>
    </ClCompile>
    <ClCompile Include="1699.cpp">
      <Filter>2208\1x</Filter>
    </ClCompile>
    <ClCompile Include="1748.cpp">
      <Filter>2208\1x</Filter>
    </ClCompile>
    <ClCompile Include="1912.cpp">
      <Filter>2208\1x</Filter>
    </ClCompile>
    <ClCompile Include="1920.cpp">
      <Filter>2208\1x</Filter>
    </ClCompile>
    <ClCompile Include="1932.cpp">
      <Filter>2208\1x</Filter>
    </ClCompile>
    <ClCompile Include="2133.cpp">
      <Filter>2208\2x</Filter>
    </ClCompile>
    <ClCompile Include="2156.cpp">
      <Filter>2208\2x</Filter>
    </ClCompile>
    <ClCompile Include="2164.cpp">
      <Filter>2208\2x</Filter>
    </ClCompile>
    <ClCompile Include="2225.cpp">
      <Filter>2208\2x</Filter>
    </ClCompile>
    <ClCompile Include="2309.cpp">
      <Filter>2208\2x</Filter>
    </ClCompile>
    <ClCompile Include="3085.cpp">
      <Filter>2208\3x</Filter>
    </ClCompile>
    <ClCompile Include="4153.cpp">
      <Filter>2208\4x</Filter>
    </ClCompile>
    <ClCompile Include="4949.cpp">
      <Filter>2208\4x</Filter>
    </ClCompile>
    <ClCompile Include="6064.cpp">
      <Filter>2208\6x</Filter>
    </ClCompile>
    <ClCompile Include="9465.cpp">
      <Filter>2208\9x</Filter>
    </ClCompile>
    <ClCompile Include="10773.cpp">
      <Filter>2208\10x</Filter>
    </ClCompile>
    <ClCompile Include="1966.cpp">
      <Filter>2208\1x</Filter>
    </ClCompile>
    <ClCompile Include="11050.cpp">
      <Filter>2208\11x</Filter>
    </ClCompile>
    <ClCompile Include="11054.cpp">
      <Filter>2208\11x</Filter>
    </ClCompile>
    <ClCompile Include="11055.cpp">
      <Filter>2208\11x</Filter>
    </ClCompile>
    <ClCompile Include="11057.cpp">
      <Filter>2208\11x</Filter>
    </ClCompile>
    <ClCompile Include="11722.cpp">
      <Filter>2208\11x</Filter>
    </ClCompile>
    <ClCompile Include="11866.cpp">
      <Filter>2208\11x</Filter>
    </ClCompile>
    <ClCompile Include="13398.cpp">
      <Filter>2208\13x</Filter>
    </ClCompile>
    <ClCompile Include="14500.cpp">
      <Filter>2208\14x</Filter>
    </ClCompile>
    <ClCompile Include="15829.cpp">
      <Filter>2208\15x</Filter>
    </ClCompile>
    <ClCompile Include="15988.cpp">
      <Filter>2208\15x</Filter>
    </ClCompile>
    <ClCompile Include="17404.cpp">
      <Filter>2208\17x</Filter>
    </ClCompile>
    <ClCompile Include="2805.cpp">
      <Filter>2208\2x</Filter>
    </ClCompile>
    <ClCompile Include="18111.cpp">
      <Filter>2208\18x</Filter>
    </ClCompile>
    <ClCompile Include="15649.cpp">
      <Filter>2208\15x</Filter>
    </ClCompile>
    <ClCompile Include="15650.cpp">
      <Filter>2208\15x</Filter>
    </ClCompile>
    <ClCompile Include="15651.cpp">
      <Filter>2208\15x</Filter>
    </ClCompile>
    <ClCompile Include="15652.cpp">
      <Filter>2208\15x</Filter>
    </ClCompile>
    <ClCompile Include="15654.cpp">
      <Filter>2208\15x</Filter>
    </ClCompile>
    <ClCompile Include="15655.cpp">
      <Filter>2208\15x</Filter>
    </ClCompile>
    <ClCompile Include="15656.cpp">
      <Filter>2208\15x</Filter>
    </ClCompile>
    <ClCompile Include="15657.cpp">
      <Filter>2208\15x</Filter>
    </ClCompile>
    <ClCompile Include="15663.cpp">
      <Filter>2208\15x</Filter>
    </ClCompile>
    <ClCompile Include="15664.cpp">
      <Filter>2208\15x</Filter>
    </ClCompile>
    <ClCompile Include="15665.cpp">
      <Filter>2208\15x</Filter>
    </ClCompile>
    <ClCompile Include="15666.cpp">
      <Filter>2208\15x</Filter>
    </ClCompile>
    <ClCompile Include="10972.cpp">
      <Filter>2208\10x</Filter>
    </ClCompile>
    <ClCompile Include="1697.cpp">
      <Filter>2208\1x</Filter>
    </ClCompile>
    <ClCompile Include="1261.cpp">
      <Filter>2208\1x</Filter>
    </ClCompile>
    <ClCompile Include="13913.cpp">
      <Filter>2208\13x</Filter>
    </ClCompile>
    <ClCompile Include="14226.cpp">
      <Filter>2208\14x</Filter>
    </ClCompile>
    <ClCompile Include="13549.cpp">
      <Filter>2208\13x</Filter>
    </ClCompile>
    <ClCompile Include="tmp.cpp" />
    <ClCompile Include="13023.cpp">
      <Filter>2209_1</Filter>
    </ClCompile>
    <ClCompile Include="1260.cpp">
      <Filter>2209_1</Filter>
    </ClCompile>
    <ClCompile Include="10819.cpp">
      <Filter>2209_1</Filter>
    </ClCompile>
    <ClCompile Include="10974.cpp">
      <Filter>2209_1</Filter>
    </ClCompile>
    <ClCompile Include="10971.cpp">
      <Filter>2209_1</Filter>
    </ClCompile>
    <ClCompile Include="6603.cpp">
      <Filter>2209_1</Filter>
    </ClCompile>
    <ClCompile Include="1991.cpp">
      <Filter>2209_1</Filter>
    </ClCompile>
    <ClCompile Include="2250.cpp">
      <Filter>2209_1</Filter>
    </ClCompile>
    <ClCompile Include="11725.cpp">
      <Filter>2209_1</Filter>
    </ClCompile>
    <ClCompile Include="1167.cpp">
      <Filter>2209_1</Filter>
    </ClCompile>
    <ClCompile Include="1967.cpp">
      <Filter>2209_1</Filter>
    </ClCompile>
    <ClCompile Include="16940.cpp">
      <Filter>2209_1</Filter>
    </ClCompile>
    <ClCompile Include="16964.cpp">
      <Filter>2209_1</Filter>
    </ClCompile>
    <ClCompile Include="1759.cpp">
      <Filter>2209_1</Filter>
    </ClCompile>
    <ClCompile Include="14501.cpp">
      <Filter>2209_1</Filter>
    </ClCompile>
    <ClCompile Include="14889.cpp">
      <Filter>2209_1</Filter>
    </ClCompile>
    <ClCompile Include="15661.cpp">
      <Filter>2209_1</Filter>
    </ClCompile>
    <ClCompile Include="2529.cpp">
      <Filter>2209_1</Filter>
    </ClCompile>
    <ClCompile Include="11723.cpp">
      <Filter>2209_1</Filter>
    </ClCompile>
    <ClCompile Include="1182.cpp">
      <Filter>2209_1</Filter>
    </ClCompile>
    <ClCompile Include="14391.cpp">
      <Filter>2209_1</Filter>
    </ClCompile>
    <ClCompile Include="11724.cpp">
      <Filter>2209_1</Filter>
    </ClCompile>
    <ClCompile Include="1707.cpp">
      <Filter>2209_1</Filter>
    </ClCompile>
    <ClCompile Include="2667.cpp">
      <Filter>2209_1</Filter>
    </ClCompile>
    <ClCompile Include="4963.cpp">
      <Filter>2209_1</Filter>
    </ClCompile>
    <ClCompile Include="2178.cpp">
      <Filter>2209_1</Filter>
    </ClCompile>
    <ClCompile Include="7576.cpp">
      <Filter>2209_1</Filter>
    </ClCompile>
    <ClCompile Include="24416.cpp">
      <Filter>2209_1</Filter>
    </ClCompile>
    <ClCompile Include="9184.cpp">
      <Filter>2209_1</Filter>
    </ClCompile>
    <ClCompile Include="1904.cpp">
      <Filter>2209_1</Filter>
    </ClCompile>
    <ClCompile Include="9461.cpp">
      <Filter>2209_1</Filter>
    </ClCompile>
    <ClCompile Include="2579.cpp">
      <Filter>2209_1</Filter>
    </ClCompile>
    <ClCompile Include="2565.cpp">
      <Filter>2209_1</Filter>
    </ClCompile>
    <ClCompile Include="9251.cpp">
      <Filter>2209_1</Filter>
    </ClCompile>
    <ClCompile Include="12865.cpp">
      <Filter>2209_1</Filter>
    </ClCompile>
    <ClCompile Include="7562.cpp">
      <Filter>2209_1</Filter>
    </ClCompile>
    <ClCompile Include="16929.cpp">
      <Filter>2209_1</Filter>
    </ClCompile>
    <ClCompile Include="16947.cpp">
      <Filter>2209_1</Filter>
    </ClCompile>
    <ClCompile Include="2146.cpp">
      <Filter>2209_1</Filter>
    </ClCompile>
    <ClCompile Include="2146_2.cpp">
      <Filter>2209_1</Filter>
    </ClCompile>
    <ClCompile Include="2407.cpp">
      <Filter>2209_1</Filter>
    </ClCompile>
    <ClCompile Include="1271.cpp">
      <Filter>Bronze5</Filter>
    </ClCompile>
    <ClCompile Include="2558.cpp">
      <Filter>Bronze5</Filter>
    </ClCompile>
    <ClCompile Include="3733.cpp">
      <Filter>Bronze5</Filter>
    </ClCompile>
    <ClCompile Include="8437.cpp">
      <Filter>Bronze5</Filter>
    </ClCompile>
    <ClCompile Include="25501.cpp">
      <Filter>2209_1</Filter>
    </ClCompile>
    <ClCompile Include="3009.cpp">
      <Filter>2209_1</Filter>
    </ClCompile>
    <ClCompile Include="2477.cpp">
      <Filter>2209_1</Filter>
    </ClCompile>
    <ClCompile Include="3053.cpp">
      <Filter>2209_1</Filter>
    </ClCompile>
    <ClCompile Include="1002.cpp">
      <Filter>2209_1</Filter>
    </ClCompile>
    <ClCompile Include="1004.cpp">
      <Filter>2209_1</Filter>
    </ClCompile>
    <ClCompile Include="1358.cpp">
      <Filter>2209_1</Filter>
    </ClCompile>
    <ClCompile Include="2166.cpp">
      <Filter>2209_1</Filter>
    </ClCompile>
    <ClCompile Include="2166_2.cpp">
      <Filter>2209_1</Filter>
    </ClCompile>
    <ClCompile Include="Template.cpp" />
    <ClCompile Include="1003.cpp">
      <Filter>2209_1</Filter>
    </ClCompile>
    <ClCompile Include="11399.cpp">
      <Filter>2209_1</Filter>
    </ClCompile>
    <ClCompile Include="2606.cpp">
      <Filter>2209_1</Filter>
    </ClCompile>
    <ClCompile Include="7662.cpp">
      <Filter>2209_2</Filter>
    </ClCompile>
    <ClCompile Include="1927.cpp">
      <Filter>2209_2</Filter>
    </ClCompile>
    <ClCompile Include="11279.cpp">
      <Filter>2209_2</Filter>
    </ClCompile>
    <ClCompile Include="2630.cpp">
      <Filter>2209_2</Filter>
    </ClCompile>
    <ClCompile Include="1012.cpp">
      <Filter>2209_2</Filter>
    </ClCompile>
    <ClCompile Include="1074.cpp">
      <Filter>2209_2</Filter>
    </ClCompile>
    <ClCompile Include="1931.cpp">
      <Filter>2209_2</Filter>
    </ClCompile>
    <ClCompile Include="7569.cpp">
      <Filter>2209_2</Filter>
    </ClCompile>
    <ClCompile Include="9019.cpp">
      <Filter>2209_2</Filter>
    </ClCompile>
    <ClCompile Include="9019_2.cpp">
      <Filter>2209_2</Filter>
    </ClCompile>
    <ClCompile Include="5430.cpp">
      <Filter>2209_2</Filter>
    </ClCompile>
    <ClCompile Include="16236.cpp">
      <Filter>2209_2</Filter>
    </ClCompile>
    <ClCompile Include="10026.cpp">
      <Filter>2209_2</Filter>
    </ClCompile>
    <ClCompile Include="1541.cpp">
      <Filter>2209_2</Filter>
    </ClCompile>
    <ClCompile Include="1541_2.cpp">
      <Filter>2209_2</Filter>
    </ClCompile>
    <ClCompile Include="9375.cpp">
      <Filter>2209_2</Filter>
    </ClCompile>
    <ClCompile Include="1389.cpp">
      <Filter>2209_2</Filter>
    </ClCompile>
    <ClCompile Include="16928.cpp">
      <Filter>2209_2</Filter>
    </ClCompile>
    <ClCompile Include="1780.cpp">
      <Filter>2209_2</Filter>
    </ClCompile>
  </ItemGroup>
  <ItemGroup>
    <Filter Include="2207">
      <UniqueIdentifier>{4d0f91b5-16d0-4d4e-bcde-2b30cfb04f1d}</UniqueIdentifier>
    </Filter>
    <Filter Include="2208">
      <UniqueIdentifier>{13f7eabd-c664-4289-a3cb-0ddc388573be}</UniqueIdentifier>
    </Filter>
    <Filter Include="2208\08">
      <UniqueIdentifier>{7bbbe2f8-5fb9-478d-a29d-af89b55ee9ec}</UniqueIdentifier>
    </Filter>
    <Filter Include="2208\1x">
      <UniqueIdentifier>{a271087a-512e-4aaf-8011-00f68937ccaa}</UniqueIdentifier>
    </Filter>
    <Filter Include="2208\2x">
      <UniqueIdentifier>{f5cb78c2-0673-4db8-81ab-71d04b5f31ed}</UniqueIdentifier>
    </Filter>
    <Filter Include="2208\3x">
      <UniqueIdentifier>{52e46c90-10b5-454e-a6a9-177392d30851}</UniqueIdentifier>
    </Filter>
    <Filter Include="2208\4x">
      <UniqueIdentifier>{3ffd1c5f-f5e8-43d3-a639-98202de11b6a}</UniqueIdentifier>
    </Filter>
    <Filter Include="2208\6x">
      <UniqueIdentifier>{9ea97fd8-41e2-4bc7-9553-e2ee49759760}</UniqueIdentifier>
    </Filter>
    <Filter Include="2208\9x">
      <UniqueIdentifier>{4eb46d76-f471-4cab-b0d5-7f5c27870bb7}</UniqueIdentifier>
    </Filter>
    <Filter Include="2208\10x">
      <UniqueIdentifier>{25ea5bd6-94b8-4458-8e8a-6e12076f08f1}</UniqueIdentifier>
    </Filter>
    <Filter Include="2208\11x">
      <UniqueIdentifier>{a01abe2b-323f-4ba2-b50c-085a35f93931}</UniqueIdentifier>
    </Filter>
    <Filter Include="2208\13x">
      <UniqueIdentifier>{a947cd53-07e1-4cd1-ac81-9b87547317af}</UniqueIdentifier>
    </Filter>
    <Filter Include="2208\14x">
      <UniqueIdentifier>{70ee9471-1480-4bcb-a339-ce6a203d2b0d}</UniqueIdentifier>
    </Filter>
    <Filter Include="2208\15x">
      <UniqueIdentifier>{428a94ca-bda7-4077-b712-0c209c116266}</UniqueIdentifier>
    </Filter>
    <Filter Include="2208\17x">
      <UniqueIdentifier>{c8cd2592-8558-40a9-bfb9-853c8d1de93e}</UniqueIdentifier>
    </Filter>
    <Filter Include="2208\18x">
      <UniqueIdentifier>{5179df5b-df26-488f-a736-e8615e93a727}</UniqueIdentifier>
    </Filter>
    <Filter Include="Bronze5">
      <UniqueIdentifier>{71fb3f06-6336-4f6b-ac32-24ca71efae6b}</UniqueIdentifier>
    </Filter>
    <Filter Include="2209_1">
      <UniqueIdentifier>{6665a9f7-05a8-4233-a78f-133b8cd5eb57}</UniqueIdentifier>
    </Filter>
    <Filter Include="2209_2">
      <UniqueIdentifier>{e3088c53-c73a-4f49-af33-d47df4975460}</UniqueIdentifier>
    </Filter>
  </ItemGroup>
</Project>