<?xml version="1.0" encoding="utf-8"?>
<Project ToolsVersion="4.0" xmlns="http://schemas.microsoft.com/developer/msbuild/2003">
  <ItemGroup>
    <ClCompile Include="0725.cpp">
      <Filter>2207</Filter>
    </ClCompile>
    <ClCompile Include="0726.cpp">
      <Filter>2207</Filter>
    </ClCompile>
    <ClCompile Include="0801.cpp">
      <Filter>2208\08</Filter>
    </ClCompile>
    <ClCompile Include="0803.cpp">
      <Filter>2208\08</Filter>
    </ClCompile>
    <ClCompile Include="0804.cpp">
      <Filter>2208\08</Filter>
    </ClCompile>
    <ClCompile Include="0805.cpp">
      <Filter>2208\08</Filter>
    </ClCompile>
    <ClCompile Include="0808.cpp">
      <Filter>2208\08</Filter>
    </ClCompile>
    <ClCompile Include="0808_2.cpp">
      <Filter>2208\08</Filter>
    </ClCompile>
    <ClCompile Include="0810.cpp">
      <Filter>2208\08</Filter>
    </ClCompile>
    <ClCompile Include="0810_2.cpp">
      <Filter>2208\08</Filter>
    </ClCompile>
    <ClCompile Include="0811.cpp">
      <Filter>2208\08</Filter>
    </ClCompile>
    <ClCompile Include="0813.cpp">
      <Filter>2208\08</Filter>
    </ClCompile>
    <ClCompile Include="0816.cpp">
      <Filter>2208\08</Filter>
    </ClCompile>
    <ClCompile Include="0817.cpp">
      <Filter>2208\08</Filter>
    </ClCompile>
    <ClCompile Include="0817_2.cpp">
      <Filter>2208\08</Filter>
    </ClCompile>
    <ClCompile Include="0818.cpp">
      <Filter>2208\08</Filter>
    </ClCompile>
    <ClCompile Include="0819.cpp">
      <Filter>2208\08</Filter>
    </ClCompile>
    <ClCompile Include="1912.cpp">
      <Filter>2208</Filter>
    </ClCompile>
    <ClCompile Include="1699.cpp">
      <Filter>2208</Filter>
    </ClCompile>
    <ClCompile Include="2225.cpp">
      <Filter>2208</Filter>
    </ClCompile>
    <ClCompile Include="15988.cpp">
      <Filter>2208</Filter>
    </ClCompile>
    <ClCompile Include="1149.cpp">
      <Filter>2208</Filter>
    </ClCompile>
    <ClCompile Include="1309.cpp">
      <Filter>2208</Filter>
    </ClCompile>
    <ClCompile Include="11057.cpp">
      <Filter>2208</Filter>
    </ClCompile>
    <ClCompile Include="9465.cpp">
      <Filter>2208</Filter>
    </ClCompile>
    <ClCompile Include="2156.cpp">
      <Filter>2208</Filter>
    </ClCompile>
    <ClCompile Include="1932.cpp">
      <Filter>2208</Filter>
    </ClCompile>
    <ClCompile Include="11055.cpp">
      <Filter>2208</Filter>
    </ClCompile>
    <ClCompile Include="11722.cpp">
      <Filter>2208</Filter>
    </ClCompile>
    <ClCompile Include="11054.cpp">
      <Filter>2208</Filter>
    </ClCompile>
    <ClCompile Include="13398.cpp">
      <Filter>2208</Filter>
    </ClCompile>
    <ClCompile Include="2133.cpp">
      <Filter>2208</Filter>
    </ClCompile>
    <ClCompile Include="17404.cpp">
      <Filter>2208</Filter>
    </ClCompile>
    <ClCompile Include="1085.cpp">
      <Filter>2208</Filter>
    </ClCompile>
    <ClCompile Include="1259.cpp">
      <Filter>2208</Filter>
    </ClCompile>
    <ClCompile Include="1654.cpp">
      <Filter>2208</Filter>
    </ClCompile>
  </ItemGroup>
  <ItemGroup>
    <Filter Include="2207">
      <UniqueIdentifier>{4d0f91b5-16d0-4d4e-bcde-2b30cfb04f1d}</UniqueIdentifier>
    </Filter>
    <Filter Include="2208">
      <UniqueIdentifier>{13f7eabd-c664-4289-a3cb-0ddc388573be}</UniqueIdentifier>
    </Filter>
    <Filter Include="2208\08">
      <UniqueIdentifier>{7bbbe2f8-5fb9-478d-a29d-af89b55ee9ec}</UniqueIdentifier>
    </Filter>
  </ItemGroup>
</Project>